// !$*UTF8*$!
{
	archiveVersion = 1;
	classes = {
	};
	objectVersion = 56;
	objects = {

/* Begin PBXBuildFile section */
		8954A96D296D055700B33388 /* KeyChain.swift in Sources */ = {isa = PBXBuildFile; fileRef = 8954A96C296D055700B33388 /* KeyChain.swift */; };
		89C7BB9E29682C8000993346 /* AppDelegate.swift in Sources */ = {isa = PBXBuildFile; fileRef = 89C7BB9D29682C8000993346 /* AppDelegate.swift */; };
		89C7BBA029682C8000993346 /* SceneDelegate.swift in Sources */ = {isa = PBXBuildFile; fileRef = 89C7BB9F29682C8000993346 /* SceneDelegate.swift */; };
		89C7BBA229682C8000993346 /* ViewController.swift in Sources */ = {isa = PBXBuildFile; fileRef = 89C7BBA129682C8000993346 /* ViewController.swift */; };
		89C7BBA529682C8000993346 /* Main.storyboard in Resources */ = {isa = PBXBuildFile; fileRef = 89C7BBA329682C8000993346 /* Main.storyboard */; };
		89C7BBA829682C8000993346 /* TODO_App.xcdatamodeld in Sources */ = {isa = PBXBuildFile; fileRef = 89C7BBA629682C8000993346 /* TODO_App.xcdatamodeld */; };
		89C7BBAA29682C8100993346 /* Assets.xcassets in Resources */ = {isa = PBXBuildFile; fileRef = 89C7BBA929682C8100993346 /* Assets.xcassets */; };
		89C7BBAD29682C8100993346 /* LaunchScreen.storyboard in Resources */ = {isa = PBXBuildFile; fileRef = 89C7BBAB29682C8100993346 /* LaunchScreen.storyboard */; };
		89C7BBB629682E9000993346 /* ToDoListItem+CoreDataClass.swift in Sources */ = {isa = PBXBuildFile; fileRef = 89C7BBB429682E9000993346 /* ToDoListItem+CoreDataClass.swift */; };
		89C7BBB729682E9000993346 /* ToDoListItem+CoreDataProperties.swift in Sources */ = {isa = PBXBuildFile; fileRef = 89C7BBB529682E9000993346 /* ToDoListItem+CoreDataProperties.swift */; };
		89E7F9D6296C1814002F3E49 /* FirstViewController.swift in Sources */ = {isa = PBXBuildFile; fileRef = 89E7F9D5296C1814002F3E49 /* FirstViewController.swift */; };
/* End PBXBuildFile section */

/* Begin PBXFileReference section */
		8954A96C296D055700B33388 /* KeyChain.swift */ = {isa = PBXFileReference; lastKnownFileType = sourcecode.swift; path = KeyChain.swift; sourceTree = "<group>"; };
		89C7BB9A29682C8000993346 /* TODO App.app */ = {isa = PBXFileReference; explicitFileType = wrapper.application; includeInIndex = 0; path = "TODO App.app"; sourceTree = BUILT_PRODUCTS_DIR; };
		89C7BB9D29682C8000993346 /* AppDelegate.swift */ = {isa = PBXFileReference; lastKnownFileType = sourcecode.swift; path = AppDelegate.swift; sourceTree = "<group>"; };
		89C7BB9F29682C8000993346 /* SceneDelegate.swift */ = {isa = PBXFileReference; lastKnownFileType = sourcecode.swift; path = SceneDelegate.swift; sourceTree = "<group>"; };
		89C7BBA129682C8000993346 /* ViewController.swift */ = {isa = PBXFileReference; lastKnownFileType = sourcecode.swift; path = ViewController.swift; sourceTree = "<group>"; };
		89C7BBA429682C8000993346 /* Base */ = {isa = PBXFileReference; lastKnownFileType = file.storyboard; name = Base; path = Base.lproj/Main.storyboard; sourceTree = "<group>"; };
		89C7BBA729682C8000993346 /* TODO_App.xcdatamodel */ = {isa = PBXFileReference; lastKnownFileType = wrapper.xcdatamodel; path = TODO_App.xcdatamodel; sourceTree = "<group>"; };
		89C7BBA929682C8100993346 /* Assets.xcassets */ = {isa = PBXFileReference; lastKnownFileType = folder.assetcatalog; path = Assets.xcassets; sourceTree = "<group>"; };
		89C7BBAC29682C8100993346 /* Base */ = {isa = PBXFileReference; lastKnownFileType = file.storyboard; name = Base; path = Base.lproj/LaunchScreen.storyboard; sourceTree = "<group>"; };
		89C7BBAE29682C8100993346 /* Info.plist */ = {isa = PBXFileReference; lastKnownFileType = text.plist.xml; path = Info.plist; sourceTree = "<group>"; };
		89C7BBB429682E9000993346 /* ToDoListItem+CoreDataClass.swift */ = {isa = PBXFileReference; lastKnownFileType = sourcecode.swift; path = "ToDoListItem+CoreDataClass.swift"; sourceTree = "<group>"; };
		89C7BBB529682E9000993346 /* ToDoListItem+CoreDataProperties.swift */ = {isa = PBXFileReference; lastKnownFileType = sourcecode.swift; path = "ToDoListItem+CoreDataProperties.swift"; sourceTree = "<group>"; };
		89E7F9D5296C1814002F3E49 /* FirstViewController.swift */ = {isa = PBXFileReference; lastKnownFileType = sourcecode.swift; path = FirstViewController.swift; sourceTree = "<group>"; };
/* End PBXFileReference section */

/* Begin PBXFrameworksBuildPhase section */
		89C7BB9729682C8000993346 /* Frameworks */ = {
			isa = PBXFrameworksBuildPhase;
			buildActionMask = 2147483647;
			files = (
			);
			runOnlyForDeploymentPostprocessing = 0;
		};
/* End PBXFrameworksBuildPhase section */

/* Begin PBXGroup section */
		89C7BB9129682C8000993346 = {
			isa = PBXGroup;
			children = (
				89C7BB9C29682C8000993346 /* TODO App */,
				89C7BB9B29682C8000993346 /* Products */,
			);
			sourceTree = "<group>";
		};
		89C7BB9B29682C8000993346 /* Products */ = {
			isa = PBXGroup;
			children = (
				89C7BB9A29682C8000993346 /* TODO App.app */,
			);
			name = Products;
			sourceTree = "<group>";
		};
		89C7BB9C29682C8000993346 /* TODO App */ = {
			isa = PBXGroup;
			children = (
				89C7BBB829682EEE00993346 /* ToDoListItem */,
				89C7BB9D29682C8000993346 /* AppDelegate.swift */,
				89C7BB9F29682C8000993346 /* SceneDelegate.swift */,
				89E7F9D5296C1814002F3E49 /* FirstViewController.swift */,
				8954A96C296D055700B33388 /* KeyChain.swift */,
				89C7BBA129682C8000993346 /* ViewController.swift */,
				89C7BBA329682C8000993346 /* Main.storyboard */,
				89C7BBA929682C8100993346 /* Assets.xcassets */,
				89C7BBAB29682C8100993346 /* LaunchScreen.storyboard */,
				89C7BBAE29682C8100993346 /* Info.plist */,
				89C7BBA629682C8000993346 /* TODO_App.xcdatamodeld */,
			);
			path = "TODO App";
			sourceTree = "<group>";
		};
		89C7BBB829682EEE00993346 /* ToDoListItem */ = {
			isa = PBXGroup;
			children = (
				89C7BBB429682E9000993346 /* ToDoListItem+CoreDataClass.swift */,
				89C7BBB529682E9000993346 /* ToDoListItem+CoreDataProperties.swift */,
			);
			path = ToDoListItem;
			sourceTree = "<group>";
		};
/* End PBXGroup section */

/* Begin PBXNativeTarget section */
		89C7BB9929682C8000993346 /* TODO App */ = {
			isa = PBXNativeTarget;
			buildConfigurationList = 89C7BBB129682C8100993346 /* Build configuration list for PBXNativeTarget "TODO App" */;
			buildPhases = (
				89C7BB9629682C8000993346 /* Sources */,
				89C7BB9729682C8000993346 /* Frameworks */,
				89C7BB9829682C8000993346 /* Resources */,
			);
			buildRules = (
			);
			dependencies = (
			);
			name = "TODO App";
			productName = "TODO App";
			productReference = 89C7BB9A29682C8000993346 /* TODO App.app */;
			productType = "com.apple.product-type.application";
		};
/* End PBXNativeTarget section */

/* Begin PBXProject section */
		89C7BB9229682C8000993346 /* Project object */ = {
			isa = PBXProject;
			attributes = {
				BuildIndependentTargetsInParallel = 1;
				LastSwiftUpdateCheck = 1420;
				LastUpgradeCheck = 1420;
				TargetAttributes = {
					89C7BB9929682C8000993346 = {
						CreatedOnToolsVersion = 14.2;
					};
				};
			};
			buildConfigurationList = 89C7BB9529682C8000993346 /* Build configuration list for PBXProject "TODO App" */;
			compatibilityVersion = "Xcode 14.0";
			developmentRegion = en;
			hasScannedForEncodings = 0;
			knownRegions = (
				en,
				Base,
			);
			mainGroup = 89C7BB9129682C8000993346;
			productRefGroup = 89C7BB9B29682C8000993346 /* Products */;
			projectDirPath = "";
			projectRoot = "";
			targets = (
				89C7BB9929682C8000993346 /* TODO App */,
			);
		};
/* End PBXProject section */

/* Begin PBXResourcesBuildPhase section */
		89C7BB9829682C8000993346 /* Resources */ = {
			isa = PBXResourcesBuildPhase;
			buildActionMask = 2147483647;
			files = (
				89C7BBAD29682C8100993346 /* LaunchScreen.storyboard in Resources */,
				89C7BBAA29682C8100993346 /* Assets.xcassets in Resources */,
				89C7BBA529682C8000993346 /* Main.storyboard in Resources */,
			);
			runOnlyForDeploymentPostprocessing = 0;
		};
/* End PBXResourcesBuildPhase section */

/* Begin PBXSourcesBuildPhase section */
		89C7BB9629682C8000993346 /* Sources */ = {
			isa = PBXSourcesBuildPhase;
			buildActionMask = 2147483647;
			files = (
				89C7BBA229682C8000993346 /* ViewController.swift in Sources */,
				89C7BB9E29682C8000993346 /* AppDelegate.swift in Sources */,
				89C7BBA029682C8000993346 /* SceneDelegate.swift in Sources */,
				89C7BBB629682E9000993346 /* ToDoListItem+CoreDataClass.swift in Sources */,
				89C7BBB729682E9000993346 /* ToDoListItem+CoreDataProperties.swift in Sources */,
				8954A96D296D055700B33388 /* KeyChain.swift in Sources */,
				89C7BBA829682C8000993346 /* TODO_App.xcdatamodeld in Sources */,
				89E7F9D6296C1814002F3E49 /* FirstViewController.swift in Sources */,
			);
			runOnlyForDeploymentPostprocessing = 0;
		};
/* End PBXSourcesBuildPhase section */

/* Begin PBXVariantGroup section */
		89C7BBA329682C8000993346 /* Main.storyboard */ = {
			isa = PBXVariantGroup;
			children = (
				89C7BBA429682C8000993346 /* Base */,
			);
			name = Main.storyboard;
			sourceTree = "<group>";
		};
		89C7BBAB29682C8100993346 /* LaunchScreen.storyboard */ = {
			isa = PBXVariantGroup;
			children = (
				89C7BBAC29682C8100993346 /* Base */,
			);
			name = LaunchScreen.storyboard;
			sourceTree = "<group>";
		};
/* End PBXVariantGroup section */

/* Begin XCBuildConfiguration section */
		89C7BBAF29682C8100993346 /* Debug */ = {
			isa = XCBuildConfiguration;
			buildSettings = {
				ALWAYS_SEARCH_USER_PATHS = NO;
				CLANG_ANALYZER_NONNULL = YES;
				CLANG_ANALYZER_NUMBER_OBJECT_CONVERSION = YES_AGGRESSIVE;
				CLANG_CXX_LANGUAGE_STANDARD = "gnu++20";
				CLANG_ENABLE_MODULES = YES;
				CLANG_ENABLE_OBJC_ARC = YES;
				CLANG_ENABLE_OBJC_WEAK = YES;
				CLANG_WARN_BLOCK_CAPTURE_AUTORELEASING = YES;
				CLANG_WARN_BOOL_CONVERSION = YES;
				CLANG_WARN_COMMA = YES;
				CLANG_WARN_CONSTANT_CONVERSION = YES;
				CLANG_WARN_DEPRECATED_OBJC_IMPLEMENTATIONS = YES;
				CLANG_WARN_DIRECT_OBJC_ISA_USAGE = YES_ERROR;
				CLANG_WARN_DOCUMENTATION_COMMENTS = YES;
				CLANG_WARN_EMPTY_BODY = YES;
				CLANG_WARN_ENUM_CONVERSION = YES;
				CLANG_WARN_INFINITE_RECURSION = YES;
				CLANG_WARN_INT_CONVERSION = YES;
				CLANG_WARN_NON_LITERAL_NULL_CONVERSION = YES;
				CLANG_WARN_OBJC_IMPLICIT_RETAIN_SELF = YES;
				CLANG_WARN_OBJC_LITERAL_CONVERSION = YES;
				CLANG_WARN_OBJC_ROOT_CLASS = YES_ERROR;
				CLANG_WARN_QUOTED_INCLUDE_IN_FRAMEWORK_HEADER = YES;
				CLANG_WARN_RANGE_LOOP_ANALYSIS = YES;
				CLANG_WARN_STRICT_PROTOTYPES = YES;
				CLANG_WARN_SUSPICIOUS_MOVE = YES;
				CLANG_WARN_UNGUARDED_AVAILABILITY = YES_AGGRESSIVE;
				CLANG_WARN_UNREACHABLE_CODE = YES;
				CLANG_WARN__DUPLICATE_METHOD_MATCH = YES;
				COPY_PHASE_STRIP = NO;
				DEBUG_INFORMATION_FORMAT = dwarf;
				ENABLE_STRICT_OBJC_MSGSEND = YES;
				ENABLE_TESTABILITY = YES;
				GCC_C_LANGUAGE_STANDARD = gnu11;
				GCC_DYNAMIC_NO_PIC = NO;
				GCC_NO_COMMON_BLOCKS = YES;
				GCC_OPTIMIZATION_LEVEL = 0;
				GCC_PREPROCESSOR_DEFINITIONS = (
					"DEBUG=1",
					"$(inherited)",
				);
				GCC_WARN_64_TO_32_BIT_CONVERSION = YES;
				GCC_WARN_ABOUT_RETURN_TYPE = YES_ERROR;
				GCC_WARN_UNDECLARED_SELECTOR = YES;
				GCC_WARN_UNINITIALIZED_AUTOS = YES_AGGRESSIVE;
				GCC_WARN_UNUSED_FUNCTION = YES;
				GCC_WARN_UNUSED_VARIABLE = YES;
				IPHONEOS_DEPLOYMENT_TARGET = 16.2;
				MTL_ENABLE_DEBUG_INFO = INCLUDE_SOURCE;
				MTL_FAST_MATH = YES;
				ONLY_ACTIVE_ARCH = YES;
				SDKROOT = iphoneos;
				SWIFT_ACTIVE_COMPILATION_CONDITIONS = DEBUG;
				SWIFT_OPTIMIZATION_LEVEL = "-Onone";
			};
			name = Debug;
		};
		89C7BBB029682C8100993346 /* Release */ = {
			isa = XCBuildConfiguration;
			buildSettings = {
				ALWAYS_SEARCH_USER_PATHS = NO;
				CLANG_ANALYZER_NONNULL = YES;
				CLANG_ANALYZER_NUMBER_OBJECT_CONVERSION = YES_AGGRESSIVE;
				CLANG_CXX_LANGUAGE_STANDARD = "gnu++20";
				CLANG_ENABLE_MODULES = YES;
				CLANG_ENABLE_OBJC_ARC = YES;
				CLANG_ENABLE_OBJC_WEAK = YES;
				CLANG_WARN_BLOCK_CAPTURE_AUTORELEASING = YES;
				CLANG_WARN_BOOL_CONVERSION = YES;
				CLANG_WARN_COMMA = YES;
				CLANG_WARN_CONSTANT_CONVERSION = YES;
				CLANG_WARN_DEPRECATED_OBJC_IMPLEMENTATIONS = YES;
				CLANG_WARN_DIRECT_OBJC_ISA_USAGE = YES_ERROR;
				CLANG_WARN_DOCUMENTATION_COMMENTS = YES;
				CLANG_WARN_EMPTY_BODY = YES;
				CLANG_WARN_ENUM_CONVERSION = YES;
				CLANG_WARN_INFINITE_RECURSION = YES;
				CLANG_WARN_INT_CONVERSION = YES;
				CLANG_WARN_NON_LITERAL_NULL_CONVERSION = YES;
				CLANG_WARN_OBJC_IMPLICIT_RETAIN_SELF = YES;
				CLANG_WARN_OBJC_LITERAL_CONVERSION = YES;
				CLANG_WARN_OBJC_ROOT_CLASS = YES_ERROR;
				CLANG_WARN_QUOTED_INCLUDE_IN_FRAMEWORK_HEADER = YES;
				CLANG_WARN_RANGE_LOOP_ANALYSIS = YES;
				CLANG_WARN_STRICT_PROTOTYPES = YES;
				CLANG_WARN_SUSPICIOUS_MOVE = YES;
				CLANG_WARN_UNGUARDED_AVAILABILITY = YES_AGGRESSIVE;
				CLANG_WARN_UNREACHABLE_CODE = YES;
				CLANG_WARN__DUPLICATE_METHOD_MATCH = YES;
				COPY_PHASE_STRIP = NO;
				DEBUG_INFORMATION_FORMAT = "dwarf-with-dsym";
				ENABLE_NS_ASSERTIONS = NO;
				ENABLE_STRICT_OBJC_MSGSEND = YES;
				GCC_C_LANGUAGE_STANDARD = gnu11;
				GCC_NO_COMMON_BLOCKS = YES;
				GCC_WARN_64_TO_32_BIT_CONVERSION = YES;
				GCC_WARN_ABOUT_RETURN_TYPE = YES_ERROR;
				GCC_WARN_UNDECLARED_SELECTOR = YES;
				GCC_WARN_UNINITIALIZED_AUTOS = YES_AGGRESSIVE;
				GCC_WARN_UNUSED_FUNCTION = YES;
				GCC_WARN_UNUSED_VARIABLE = YES;
				IPHONEOS_DEPLOYMENT_TARGET = 16.2;
				MTL_ENABLE_DEBUG_INFO = NO;
				MTL_FAST_MATH = YES;
				SDKROOT = iphoneos;
				SWIFT_COMPILATION_MODE = wholemodule;
				SWIFT_OPTIMIZATION_LEVEL = "-O";
				VALIDATE_PRODUCT = YES;
			};
			name = Release;
		};
		89C7BBB229682C8100993346 /* Debug */ = {
			isa = XCBuildConfiguration;
			buildSettings = {
				ASSETCATALOG_COMPILER_APPICON_NAME = AppIcon;
				ASSETCATALOG_COMPILER_GLOBAL_ACCENT_COLOR_NAME = AccentColor;
				CODE_SIGN_STYLE = Automatic;
				CURRENT_PROJECT_VERSION = 1;
				GENERATE_INFOPLIST_FILE = YES;
				INFOPLIST_FILE = "TODO App/Info.plist";
				INFOPLIST_KEY_UIApplicationSupportsIndirectInputEvents = YES;
				INFOPLIST_KEY_UILaunchStoryboardName = LaunchScreen;
				INFOPLIST_KEY_UIMainStoryboardFile = Main;
				INFOPLIST_KEY_UISupportedInterfaceOrientations_iPad = "UIInterfaceOrientationPortrait UIInterfaceOrientationPortraitUpsideDown UIInterfaceOrientationLandscapeLeft UIInterfaceOrientationLandscapeRight";
				INFOPLIST_KEY_UISupportedInterfaceOrientations_iPhone = "UIInterfaceOrientationPortrait UIInterfaceOrientationLandscapeLeft UIInterfaceOrientationLandscapeRight";
				LD_RUNPATH_SEARCH_PATHS = (
					"$(inherited)",
					"@executable_path/Frameworks",
				);
				MARKETING_VERSION = 1.0;
				PRODUCT_BUNDLE_IDENTIFIER = "bjit.TODO-App";
				PRODUCT_NAME = "$(TARGET_NAME)";
				SWIFT_EMIT_LOC_STRINGS = YES;
				SWIFT_VERSION = 5.0;
				TARGETED_DEVICE_FAMILY = "1,2";
			};
			name = Debug;
		};
		89C7BBB329682C8100993346 /* Release */ = {
			isa = XCBuildConfiguration;
			buildSettings = {
				ASSETCATALOG_COMPILER_APPICON_NAME = AppIcon;
				ASSETCATALOG_COMPILER_GLOBAL_ACCENT_COLOR_NAME = AccentColor;
				CODE_SIGN_STYLE = Automatic;
				CURRENT_PROJECT_VERSION = 1;
				GENERATE_INFOPLIST_FILE = YES;
				INFOPLIST_FILE = "TODO App/Info.plist";
				INFOPLIST_KEY_UIApplicationSupportsIndirectInputEvents = YES;
				INFOPLIST_KEY_UILaunchStoryboardName = LaunchScreen;
				INFOPLIST_KEY_UIMainStoryboardFile = Main;
				INFOPLIST_KEY_UISupportedInterfaceOrientations_iPad = "UIInterfaceOrientationPortrait UIInterfaceOrientationPortraitUpsideDown UIInterfaceOrientationLandscapeLeft UIInterfaceOrientationLandscapeRight";
				INFOPLIST_KEY_UISupportedInterfaceOrientations_iPhone = "UIInterfaceOrientationPortrait UIInterfaceOrientationLandscapeLeft UIInterfaceOrientationLandscapeRight";
				LD_RUNPATH_SEARCH_PATHS = (
					"$(inherited)",
					"@executable_path/Frameworks",
				);
				MARKETING_VERSION = 1.0;
				PRODUCT_BUNDLE_IDENTIFIER = "bjit.TODO-App";
				PRODUCT_NAME = "$(TARGET_NAME)";
				SWIFT_EMIT_LOC_STRINGS = YES;
				SWIFT_VERSION = 5.0;
				TARGETED_DEVICE_FAMILY = "1,2";
			};
			name = Release;
		};
/* End XCBuildConfiguration section */

/* Begin XCConfigurationList section */
		89C7BB9529682C8000993346 /* Build configuration list for PBXProject "TODO App" */ = {
			isa = XCConfigurationList;
			buildConfigurations = (
				89C7BBAF29682C8100993346 /* Debug */,
				89C7BBB029682C8100993346 /* Release */,
			);
			defaultConfigurationIsVisible = 0;
			defaultConfigurationName = Release;
		};
		89C7BBB129682C8100993346 /* Build configuration list for PBXNativeTarget "TODO App" */ = {
			isa = XCConfigurationList;
			buildConfigurations = (
				89C7BBB229682C8100993346 /* Debug */,
				89C7BBB329682C8100993346 /* Release */,
			);
			defaultConfigurationIsVisible = 0;
			defaultConfigurationName = Release;
		};
/* End XCConfigurationList section */

/* Begin XCVersionGroup section */
		89C7BBA629682C8000993346 /* TODO_App.xcdatamodeld */ = {
			isa = XCVersionGroup;
			children = (
				89C7BBA729682C8000993346 /* TODO_App.xcdatamodel */,
			);
			currentVersion = 89C7BBA729682C8000993346 /* TODO_App.xcdatamodel */;
			path = TODO_App.xcdatamodeld;
			sourceTree = "<group>";
			versionGroupType = wrapper.xcdatamodel;
		};
/* End XCVersionGroup section */
	};
	rootObject = 89C7BB9229682C8000993346 /* Project object */;
}
